
Microsoft Visual Studio Solution File, Format Version 12.00
# Visual Studio Version 17
VisualStudioVersion = 17.4.33213.308
MinimumVisualStudioVersion = 10.0.40219.1
Project("{FAE04EC0-301F-11D3-BF4B-00C04F79EFBC}") = "emsproject23", "emsproject23.csproj", "{C59A5941-0C68-46EB-BCB9-CCBB0DE7485D}"
EndProject
Project("{FAE04EC0-301F-11D3-BF4B-00C04F79EFBC}") = "emsproject23test", "..\emsproject23test\emsproject23test.csproj", "{0EC52315-731A-4FCD-9F17-3A84C8638F90}"
EndProject
Global
	GlobalSection(SolutionConfigurationPlatforms) = preSolution
		Debug|Any CPU = Debug|Any CPU
		Release|Any CPU = Release|Any CPU
	EndGlobalSection
	GlobalSection(ProjectConfigurationPlatforms) = postSolution
		{C59A5941-0C68-46EB-BCB9-CCBB0DE7485D}.Debug|Any CPU.ActiveCfg = Debug|Any CPU
		{C59A5941-0C68-46EB-BCB9-CCBB0DE7485D}.Debug|Any CPU.Build.0 = Debug|Any CPU
		{C59A5941-0C68-46EB-BCB9-CCBB0DE7485D}.Release|Any CPU.ActiveCfg = Release|Any CPU
		{C59A5941-0C68-46EB-BCB9-CCBB0DE7485D}.Release|Any CPU.Build.0 = Release|Any CPU
		{0EC52315-731A-4FCD-9F17-3A84C8638F90}.Debug|Any CPU.ActiveCfg = Debug|Any CPU
		{0EC52315-731A-4FCD-9F17-3A84C8638F90}.Debug|Any CPU.Build.0 = Debug|Any CPU
		{0EC52315-731A-4FCD-9F17-3A84C8638F90}.Release|Any CPU.ActiveCfg = Release|Any CPU
		{0EC52315-731A-4FCD-9F17-3A84C8638F90}.Release|Any CPU.Build.0 = Release|Any CPU
	EndGlobalSection
	GlobalSection(SolutionProperties) = preSolution
		HideSolutionNode = FALSE
	EndGlobalSection
	GlobalSection(ExtensibilityGlobals) = postSolution
		SolutionGuid = {EEFD2362-E803-4181-A7F2-4F043BDE5761}
	EndGlobalSection
EndGlobal
